// !$*UTF8*$!
{
	archiveVersion = 1;
	classes = {
	};
	objectVersion = 50;
	objects = {

/* Begin PBXBuildFile section */
		0941399E2434A57800343EB9 /* AppDelegate.swift in Sources */ = {isa = PBXBuildFile; fileRef = 0941399D2434A57800343EB9 /* AppDelegate.swift */; };
		094139A02434A57800343EB9 /* SceneDelegate.swift in Sources */ = {isa = PBXBuildFile; fileRef = 0941399F2434A57800343EB9 /* SceneDelegate.swift */; };
		094139A52434A57800343EB9 /* Main.storyboard in Resources */ = {isa = PBXBuildFile; fileRef = 094139A32434A57800343EB9 /* Main.storyboard */; };
		094139A82434A57800343EB9 /* Learning_Swift_Part_2.xcdatamodeld in Sources */ = {isa = PBXBuildFile; fileRef = 094139A62434A57800343EB9 /* Learning_Swift_Part_2.xcdatamodeld */; };
		094139AA2434A57F00343EB9 /* Assets.xcassets in Resources */ = {isa = PBXBuildFile; fileRef = 094139A92434A57F00343EB9 /* Assets.xcassets */; };
		094139AD2434A57F00343EB9 /* LaunchScreen.storyboard in Resources */ = {isa = PBXBuildFile; fileRef = 094139AB2434A57F00343EB9 /* LaunchScreen.storyboard */; };
		09B8A94B2440A81700CEC30D /* HeadViewController.swift in Sources */ = {isa = PBXBuildFile; fileRef = 09B8A94A2440A81700CEC30D /* HeadViewController.swift */; };
		09B8A94D2440ABB000CEC30D /* DetailViewController.swift in Sources */ = {isa = PBXBuildFile; fileRef = 09B8A94C2440ABB000CEC30D /* DetailViewController.swift */; };
		09B8A9532440B6BA00CEC30D /* PowerPet.swift in Sources */ = {isa = PBXBuildFile; fileRef = 09B8A9522440B6BA00CEC30D /* PowerPet.swift */; };
/* End PBXBuildFile section */

/* Begin PBXFileReference section */
		0941399A2434A57800343EB9 /* Learning Swift Part 2.app */ = {isa = PBXFileReference; explicitFileType = wrapper.application; includeInIndex = 0; path = "Learning Swift Part 2.app"; sourceTree = BUILT_PRODUCTS_DIR; };
		0941399D2434A57800343EB9 /* AppDelegate.swift */ = {isa = PBXFileReference; lastKnownFileType = sourcecode.swift; path = AppDelegate.swift; sourceTree = "<group>"; };
		0941399F2434A57800343EB9 /* SceneDelegate.swift */ = {isa = PBXFileReference; lastKnownFileType = sourcecode.swift; path = SceneDelegate.swift; sourceTree = "<group>"; };
		094139A42434A57800343EB9 /* Base */ = {isa = PBXFileReference; lastKnownFileType = file.storyboard; name = Base; path = Base.lproj/Main.storyboard; sourceTree = "<group>"; };
		094139A72434A57800343EB9 /* Learning_Swift_Part_2.xcdatamodel */ = {isa = PBXFileReference; lastKnownFileType = wrapper.xcdatamodel; path = Learning_Swift_Part_2.xcdatamodel; sourceTree = "<group>"; };
		094139A92434A57F00343EB9 /* Assets.xcassets */ = {isa = PBXFileReference; lastKnownFileType = folder.assetcatalog; path = Assets.xcassets; sourceTree = "<group>"; };
		094139AC2434A57F00343EB9 /* Base */ = {isa = PBXFileReference; lastKnownFileType = file.storyboard; name = Base; path = Base.lproj/LaunchScreen.storyboard; sourceTree = "<group>"; };
		094139AE2434A57F00343EB9 /* Info.plist */ = {isa = PBXFileReference; lastKnownFileType = text.plist.xml; path = Info.plist; sourceTree = "<group>"; };
		09B8A94A2440A81700CEC30D /* HeadViewController.swift */ = {isa = PBXFileReference; lastKnownFileType = sourcecode.swift; path = HeadViewController.swift; sourceTree = "<group>"; };
		09B8A94C2440ABB000CEC30D /* DetailViewController.swift */ = {isa = PBXFileReference; lastKnownFileType = sourcecode.swift; path = DetailViewController.swift; sourceTree = "<group>"; };
		09B8A9522440B6BA00CEC30D /* PowerPet.swift */ = {isa = PBXFileReference; lastKnownFileType = sourcecode.swift; path = PowerPet.swift; sourceTree = "<group>"; };
/* End PBXFileReference section */

/* Begin PBXFrameworksBuildPhase section */
		094139972434A57800343EB9 /* Frameworks */ = {
			isa = PBXFrameworksBuildPhase;
			buildActionMask = 2147483647;
			files = (
			);
			runOnlyForDeploymentPostprocessing = 0;
		};
/* End PBXFrameworksBuildPhase section */

/* Begin PBXGroup section */
		094139912434A57800343EB9 = {
			isa = PBXGroup;
			children = (
				0941399C2434A57800343EB9 /* Learning Swift Part 2 */,
				0941399B2434A57800343EB9 /* Products */,
			);
			sourceTree = "<group>";
		};
		0941399B2434A57800343EB9 /* Products */ = {
			isa = PBXGroup;
			children = (
				0941399A2434A57800343EB9 /* Learning Swift Part 2.app */,
			);
			name = Products;
			sourceTree = "<group>";
		};
		0941399C2434A57800343EB9 /* Learning Swift Part 2 */ = {
			isa = PBXGroup;
			children = (
				0941399D2434A57800343EB9 /* AppDelegate.swift */,
				0941399F2434A57800343EB9 /* SceneDelegate.swift */,
				094139A32434A57800343EB9 /* Main.storyboard */,
				09B8A94C2440ABB000CEC30D /* DetailViewController.swift */,
				09B8A94A2440A81700CEC30D /* HeadViewController.swift */,
				094139A92434A57F00343EB9 /* Assets.xcassets */,
				094139AB2434A57F00343EB9 /* LaunchScreen.storyboard */,
				094139AE2434A57F00343EB9 /* Info.plist */,
				094139A62434A57800343EB9 /* Learning_Swift_Part_2.xcdatamodeld */,
				09B8A9522440B6BA00CEC30D /* PowerPet.swift */,
			);
			path = "Learning Swift Part 2";
			sourceTree = "<group>";
		};
/* End PBXGroup section */

/* Begin PBXNativeTarget section */
		094139992434A57800343EB9 /* Learning Swift Part 2 */ = {
			isa = PBXNativeTarget;
			buildConfigurationList = 094139B12434A58000343EB9 /* Build configuration list for PBXNativeTarget "Learning Swift Part 2" */;
			buildPhases = (
				094139962434A57800343EB9 /* Sources */,
				094139972434A57800343EB9 /* Frameworks */,
				094139982434A57800343EB9 /* Resources */,
			);
			buildRules = (
			);
			dependencies = (
			);
			name = "Learning Swift Part 2";
			productName = "Learning Swift Part 2";
			productReference = 0941399A2434A57800343EB9 /* Learning Swift Part 2.app */;
			productType = "com.apple.product-type.application";
		};
/* End PBXNativeTarget section */

/* Begin PBXProject section */
		094139922434A57800343EB9 /* Project object */ = {
			isa = PBXProject;
			attributes = {
				LastSwiftUpdateCheck = 1140;
				LastUpgradeCheck = 1140;
				ORGANIZATIONNAME = "Ivan Tyurin";
				TargetAttributes = {
					094139992434A57800343EB9 = {
						CreatedOnToolsVersion = 11.4;
					};
				};
			};
			buildConfigurationList = 094139952434A57800343EB9 /* Build configuration list for PBXProject "Learning Swift Part 2" */;
			compatibilityVersion = "Xcode 9.3";
			developmentRegion = en;
			hasScannedForEncodings = 0;
			knownRegions = (
				en,
				Base,
			);
			mainGroup = 094139912434A57800343EB9;
			productRefGroup = 0941399B2434A57800343EB9 /* Products */;
			projectDirPath = "";
			projectRoot = "";
			targets = (
				094139992434A57800343EB9 /* Learning Swift Part 2 */,
			);
		};
/* End PBXProject section */

/* Begin PBXResourcesBuildPhase section */
		094139982434A57800343EB9 /* Resources */ = {
			isa = PBXResourcesBuildPhase;
			buildActionMask = 2147483647;
			files = (
				094139AD2434A57F00343EB9 /* LaunchScreen.storyboard in Resources */,
				094139AA2434A57F00343EB9 /* Assets.xcassets in Resources */,
				094139A52434A57800343EB9 /* Main.storyboard in Resources */,
			);
			runOnlyForDeploymentPostprocessing = 0;
		};
/* End PBXResourcesBuildPhase section */

/* Begin PBXSourcesBuildPhase section */
		094139962434A57800343EB9 /* Sources */ = {
			isa = PBXSourcesBuildPhase;
			buildActionMask = 2147483647;
			files = (
				094139A82434A57800343EB9 /* Learning_Swift_Part_2.xcdatamodeld in Sources */,
				09B8A9532440B6BA00CEC30D /* PowerPet.swift in Sources */,
				0941399E2434A57800343EB9 /* AppDelegate.swift in Sources */,
				09B8A94D2440ABB000CEC30D /* DetailViewController.swift in Sources */,
				09B8A94B2440A81700CEC30D /* HeadViewController.swift in Sources */,
				094139A02434A57800343EB9 /* SceneDelegate.swift in Sources */,
			);
			runOnlyForDeploymentPostprocessing = 0;
		};
/* End PBXSourcesBuildPhase section */

/* Begin PBXVariantGroup section */
		094139A32434A57800343EB9 /* Main.storyboard */ = {
			isa = PBXVariantGroup;
			children = (
				094139A42434A57800343EB9 /* Base */,
			);
			name = Main.storyboard;
			sourceTree = "<group>";
		};
		094139AB2434A57F00343EB9 /* LaunchScreen.storyboard */ = {
			isa = PBXVariantGroup;
			children = (
				094139AC2434A57F00343EB9 /* Base */,
			);
			name = LaunchScreen.storyboard;
			sourceTree = "<group>";
		};
/* End PBXVariantGroup section */

/* Begin XCBuildConfiguration section */
		094139AF2434A58000343EB9 /* Debug */ = {
			isa = XCBuildConfiguration;
			buildSettings = {
				ALWAYS_SEARCH_USER_PATHS = NO;
				CLANG_ANALYZER_NONNULL = YES;
				CLANG_ANALYZER_NUMBER_OBJECT_CONVERSION = YES_AGGRESSIVE;
				CLANG_CXX_LANGUAGE_STANDARD = "gnu++14";
				CLANG_CXX_LIBRARY = "libc++";
				CLANG_ENABLE_MODULES = YES;
				CLANG_ENABLE_OBJC_ARC = YES;
				CLANG_ENABLE_OBJC_WEAK = YES;
				CLANG_WARN_BLOCK_CAPTURE_AUTORELEASING = YES;
				CLANG_WARN_BOOL_CONVERSION = YES;
				CLANG_WARN_COMMA = YES;
				CLANG_WARN_CONSTANT_CONVERSION = YES;
				CLANG_WARN_DEPRECATED_OBJC_IMPLEMENTATIONS = YES;
				CLANG_WARN_DIRECT_OBJC_ISA_USAGE = YES_ERROR;
				CLANG_WARN_DOCUMENTATION_COMMENTS = YES;
				CLANG_WARN_EMPTY_BODY = YES;
				CLANG_WARN_ENUM_CONVERSION = YES;
				CLANG_WARN_INFINITE_RECURSION = YES;
				CLANG_WARN_INT_CONVERSION = YES;
				CLANG_WARN_NON_LITERAL_NULL_CONVERSION = YES;
				CLANG_WARN_OBJC_IMPLICIT_RETAIN_SELF = YES;
				CLANG_WARN_OBJC_LITERAL_CONVERSION = YES;
				CLANG_WARN_OBJC_ROOT_CLASS = YES_ERROR;
				CLANG_WARN_RANGE_LOOP_ANALYSIS = YES;
				CLANG_WARN_STRICT_PROTOTYPES = YES;
				CLANG_WARN_SUSPICIOUS_MOVE = YES;
				CLANG_WARN_UNGUARDED_AVAILABILITY = YES_AGGRESSIVE;
				CLANG_WARN_UNREACHABLE_CODE = YES;
				CLANG_WARN__DUPLICATE_METHOD_MATCH = YES;
				COPY_PHASE_STRIP = NO;
				DEBUG_INFORMATION_FORMAT = dwarf;
				ENABLE_STRICT_OBJC_MSGSEND = YES;
				ENABLE_TESTABILITY = YES;
				GCC_C_LANGUAGE_STANDARD = gnu11;
				GCC_DYNAMIC_NO_PIC = NO;
				GCC_NO_COMMON_BLOCKS = YES;
				GCC_OPTIMIZATION_LEVEL = 0;
				GCC_PREPROCESSOR_DEFINITIONS = (
					"DEBUG=1",
					"$(inherited)",
				);
				GCC_WARN_64_TO_32_BIT_CONVERSION = YES;
				GCC_WARN_ABOUT_RETURN_TYPE = YES_ERROR;
				GCC_WARN_UNDECLARED_SELECTOR = YES;
				GCC_WARN_UNINITIALIZED_AUTOS = YES_AGGRESSIVE;
				GCC_WARN_UNUSED_FUNCTION = YES;
				GCC_WARN_UNUSED_VARIABLE = YES;
				IPHONEOS_DEPLOYMENT_TARGET = 13.4;
				MTL_ENABLE_DEBUG_INFO = INCLUDE_SOURCE;
				MTL_FAST_MATH = YES;
				ONLY_ACTIVE_ARCH = YES;
				SDKROOT = iphoneos;
				SWIFT_ACTIVE_COMPILATION_CONDITIONS = DEBUG;
				SWIFT_OPTIMIZATION_LEVEL = "-Onone";
			};
			name = Debug;
		};
		094139B02434A58000343EB9 /* Release */ = {
			isa = XCBuildConfiguration;
			buildSettings = {
				ALWAYS_SEARCH_USER_PATHS = NO;
				CLANG_ANALYZER_NONNULL = YES;
				CLANG_ANALYZER_NUMBER_OBJECT_CONVERSION = YES_AGGRESSIVE;
				CLANG_CXX_LANGUAGE_STANDARD = "gnu++14";
				CLANG_CXX_LIBRARY = "libc++";
				CLANG_ENABLE_MODULES = YES;
				CLANG_ENABLE_OBJC_ARC = YES;
				CLANG_ENABLE_OBJC_WEAK = YES;
				CLANG_WARN_BLOCK_CAPTURE_AUTORELEASING = YES;
				CLANG_WARN_BOOL_CONVERSION = YES;
				CLANG_WARN_COMMA = YES;
				CLANG_WARN_CONSTANT_CONVERSION = YES;
				CLANG_WARN_DEPRECATED_OBJC_IMPLEMENTATIONS = YES;
				CLANG_WARN_DIRECT_OBJC_ISA_USAGE = YES_ERROR;
				CLANG_WARN_DOCUMENTATION_COMMENTS = YES;
				CLANG_WARN_EMPTY_BODY = YES;
				CLANG_WARN_ENUM_CONVERSION = YES;
				CLANG_WARN_INFINITE_RECURSION = YES;
				CLANG_WARN_INT_CONVERSION = YES;
				CLANG_WARN_NON_LITERAL_NULL_CONVERSION = YES;
				CLANG_WARN_OBJC_IMPLICIT_RETAIN_SELF = YES;
				CLANG_WARN_OBJC_LITERAL_CONVERSION = YES;
				CLANG_WARN_OBJC_ROOT_CLASS = YES_ERROR;
				CLANG_WARN_RANGE_LOOP_ANALYSIS = YES;
				CLANG_WARN_STRICT_PROTOTYPES = YES;
				CLANG_WARN_SUSPICIOUS_MOVE = YES;
				CLANG_WARN_UNGUARDED_AVAILABILITY = YES_AGGRESSIVE;
				CLANG_WARN_UNREACHABLE_CODE = YES;
				CLANG_WARN__DUPLICATE_METHOD_MATCH = YES;
				COPY_PHASE_STRIP = NO;
				DEBUG_INFORMATION_FORMAT = "dwarf-with-dsym";
				ENABLE_NS_ASSERTIONS = NO;
				ENABLE_STRICT_OBJC_MSGSEND = YES;
				GCC_C_LANGUAGE_STANDARD = gnu11;
				GCC_NO_COMMON_BLOCKS = YES;
				GCC_WARN_64_TO_32_BIT_CONVERSION = YES;
				GCC_WARN_ABOUT_RETURN_TYPE = YES_ERROR;
				GCC_WARN_UNDECLARED_SELECTOR = YES;
				GCC_WARN_UNINITIALIZED_AUTOS = YES_AGGRESSIVE;
				GCC_WARN_UNUSED_FUNCTION = YES;
				GCC_WARN_UNUSED_VARIABLE = YES;
				IPHONEOS_DEPLOYMENT_TARGET = 13.4;
				MTL_ENABLE_DEBUG_INFO = NO;
				MTL_FAST_MATH = YES;
				SDKROOT = iphoneos;
				SWIFT_COMPILATION_MODE = wholemodule;
				SWIFT_OPTIMIZATION_LEVEL = "-O";
				VALIDATE_PRODUCT = YES;
			};
			name = Release;
		};
		094139B22434A58000343EB9 /* Debug */ = {
			isa = XCBuildConfiguration;
			buildSettings = {
				ASSETCATALOG_COMPILER_APPICON_NAME = AppIcon;
				CODE_SIGN_STYLE = Automatic;
				DEVELOPMENT_TEAM = 25J9GRY823;
				INFOPLIST_FILE = "Learning Swift Part 2/Info.plist";
				LD_RUNPATH_SEARCH_PATHS = (
					"$(inherited)",
					"@executable_path/Frameworks",
				);
				PRODUCT_BUNDLE_IDENTIFIER = "ru.ivantyurin.Learning-Swift-Part-2";
				PRODUCT_NAME = "$(TARGET_NAME)";
				SWIFT_VERSION = 5.0;
				TARGETED_DEVICE_FAMILY = "1,2";
			};
			name = Debug;
		};
		094139B32434A58000343EB9 /* Release */ = {
			isa = XCBuildConfiguration;
			buildSettings = {
				ASSETCATALOG_COMPILER_APPICON_NAME = AppIcon;
				CODE_SIGN_STYLE = Automatic;
				DEVELOPMENT_TEAM = 25J9GRY823;
				INFOPLIST_FILE = "Learning Swift Part 2/Info.plist";
				LD_RUNPATH_SEARCH_PATHS = (
					"$(inherited)",
					"@executable_path/Frameworks",
				);
				PRODUCT_BUNDLE_IDENTIFIER = "ru.ivantyurin.Learning-Swift-Part-2";
				PRODUCT_NAME = "$(TARGET_NAME)";
				SWIFT_VERSION = 5.0;
				TARGETED_DEVICE_FAMILY = "1,2";
			};
			name = Release;
		};
/* End XCBuildConfiguration section */

/* Begin XCConfigurationList section */
		094139952434A57800343EB9 /* Build configuration list for PBXProject "Learning Swift Part 2" */ = {
			isa = XCConfigurationList;
			buildConfigurations = (
				094139AF2434A58000343EB9 /* Debug */,
				094139B02434A58000343EB9 /* Release */,
			);
			defaultConfigurationIsVisible = 0;
			defaultConfigurationName = Release;
		};
		094139B12434A58000343EB9 /* Build configuration list for PBXNativeTarget "Learning Swift Part 2" */ = {
			isa = XCConfigurationList;
			buildConfigurations = (
				094139B22434A58000343EB9 /* Debug */,
				094139B32434A58000343EB9 /* Release */,
			);
			defaultConfigurationIsVisible = 0;
			defaultConfigurationName = Release;
		};
/* End XCConfigurationList section */

/* Begin XCVersionGroup section */
		094139A62434A57800343EB9 /* Learning_Swift_Part_2.xcdatamodeld */ = {
			isa = XCVersionGroup;
			children = (
				094139A72434A57800343EB9 /* Learning_Swift_Part_2.xcdatamodel */,
			);
			currentVersion = 094139A72434A57800343EB9 /* Learning_Swift_Part_2.xcdatamodel */;
			path = Learning_Swift_Part_2.xcdatamodeld;
			sourceTree = "<group>";
			versionGroupType = wrapper.xcdatamodel;
		};
/* End XCVersionGroup section */
	};
	rootObject = 094139922434A57800343EB9 /* Project object */;
}
